// !$*UTF8*$!
{
	archiveVersion = 1;
	classes = {
	};
	objectVersion = 77;
	objects = {

/* Begin PBXBuildFile section */
		8F4EF7A62FEA900C00703C4A /* FirebaseCore in Frameworks */ = {isa = PBXBuildFile; productRef = 8F4EF7A52FEA900C00703C4A /* FirebaseCore */; };
		8F4EF7A82FEA900C00703C4A /* FirebaseMessaging in Frameworks */ = {isa = PBXBuildFile; productRef = 8F4EF7A72FEA900C00703C4A /* FirebaseMessaging */; };
		8F4EF7AB2FEA901E00703C4A /* AppsFlyerLib in Frameworks */ = {isa = PBXBuildFile; productRef = 8F4EF7AA2FEA901E00703C4A /* AppsFlyerLib */; };
		8F4EF7D32FEA9DC800703C4A /* CircuitMapService.appex in Embed Foundation Extensions */ = {isa = PBXBuildFile; fileRef = 8F4EF7CC2FEA9DC800703C4A /* CircuitMapService.appex */; settings = {ATTRIBUTES = (RemoveHeadersOnCopy, ); }; };
		8F4EF7DB2FEA9DDC00703C4A /* FirebaseMessaging in Frameworks */ = {isa = PBXBuildFile; productRef = 8F4EF7DA2FEA9DDC00703C4A /* FirebaseMessaging */; };
/* End PBXBuildFile section */

/* Begin PBXContainerItemProxy section */
		8F4EF7D12FEA9DC800703C4A /* PBXContainerItemProxy */ = {
			isa = PBXContainerItemProxy;
			containerPortal = EE38E0EF2FDDF70A00AA8EFB /* Project object */;
			proxyType = 1;
			remoteGlobalIDString = 8F4EF7CB2FEA9DC800703C4A;
			remoteInfo = CircuitMapService;
		};
/* End PBXContainerItemProxy section */

/* Begin PBXCopyFilesBuildPhase section */
		8F4EF7D82FEA9DC800703C4A /* Embed Foundation Extensions */ = {
			isa = PBXCopyFilesBuildPhase;
			buildActionMask = 2147483647;
			dstPath = "";
			dstSubfolderSpec = 13;
			files = (
				8F4EF7D32FEA9DC800703C4A /* CircuitMapService.appex in Embed Foundation Extensions */,
			);
			name = "Embed Foundation Extensions";
			runOnlyForDeploymentPostprocessing = 0;
		};
/* End PBXCopyFilesBuildPhase section */

/* Begin PBXFileReference section */
		8F4EF7CC2FEA9DC800703C4A /* CircuitMapService.appex */ = {isa = PBXFileReference; explicitFileType = "wrapper.app-extension"; includeInIndex = 0; path = CircuitMapService.appex; sourceTree = BUILT_PRODUCTS_DIR; };
		EE38E0F72FDDF70A00AA8EFB /* CircuitMap.app */ = {isa = PBXFileReference; explicitFileType = wrapper.application; includeInIndex = 0; path = CircuitMap.app; sourceTree = BUILT_PRODUCTS_DIR; };
/* End PBXFileReference section */

/* Begin PBXFileSystemSynchronizedBuildFileExceptionSet section */
		8F4EF7D72FEA9DC800703C4A /* Exceptions for "CircuitMapService" folder in "CircuitMapService" target */ = {
			isa = PBXFileSystemSynchronizedBuildFileExceptionSet;
			membershipExceptions = (
				Info.plist,
			);
			target = 8F4EF7CB2FEA9DC800703C4A /* CircuitMapService */;
		};
		EE38E10A2FDDF73100AA8EFB /* Exceptions for "CircuitMap" folder in "CircuitMap" target */ = {
			isa = PBXFileSystemSynchronizedBuildFileExceptionSet;
			membershipExceptions = (
				Info.plist,
			);
			target = EE38E0F62FDDF70A00AA8EFB /* CircuitMap */;
		};
/* End PBXFileSystemSynchronizedBuildFileExceptionSet section */

/* Begin PBXFileSystemSynchronizedRootGroup section */
		8F4EF7CD2FEA9DC800703C4A /* CircuitMapService */ = {
			isa = PBXFileSystemSynchronizedRootGroup;
			exceptions = (
				8F4EF7D72FEA9DC800703C4A /* Exceptions for "CircuitMapService" folder in "CircuitMapService" target */,
			);
			path = CircuitMapService;
			sourceTree = "<group>";
		};
		EE38E0F92FDDF70A00AA8EFB /* CircuitMap */ = {
			isa = PBXFileSystemSynchronizedRootGroup;
			exceptions = (
				EE38E10A2FDDF73100AA8EFB /* Exceptions for "CircuitMap" folder in "CircuitMap" target */,
			);
			path = CircuitMap;
			sourceTree = "<group>";
		};
/* End PBXFileSystemSynchronizedRootGroup section */

/* Begin PBXFrameworksBuildPhase section */
		8F4EF7C92FEA9DC800703C4A /* Frameworks */ = {
			isa = PBXFrameworksBuildPhase;
			buildActionMask = 2147483647;
			files = (
				8F4EF7DB2FEA9DDC00703C4A /* FirebaseMessaging in Frameworks */,
			);
			runOnlyForDeploymentPostprocessing = 0;
		};
		EE38E0F42FDDF70A00AA8EFB /* Frameworks */ = {
			isa = PBXFrameworksBuildPhase;
			buildActionMask = 2147483647;
			files = (
				8F4EF7A82FEA900C00703C4A /* FirebaseMessaging in Frameworks */,
				8F4EF7A62FEA900C00703C4A /* FirebaseCore in Frameworks */,
				8F4EF7AB2FEA901E00703C4A /* AppsFlyerLib in Frameworks */,
			);
			runOnlyForDeploymentPostprocessing = 0;
		};
/* End PBXFrameworksBuildPhase section */

/* Begin PBXGroup section */
		8F4EF7D92FEA9DDC00703C4A /* Frameworks */ = {
			isa = PBXGroup;
			children = (
			);
			name = Frameworks;
			sourceTree = "<group>";
		};
		EE38E0EE2FDDF70A00AA8EFB = {
			isa = PBXGroup;
			children = (
				EE38E0F92FDDF70A00AA8EFB /* CircuitMap */,
				8F4EF7CD2FEA9DC800703C4A /* CircuitMapService */,
				8F4EF7D92FEA9DDC00703C4A /* Frameworks */,
				EE38E0F82FDDF70A00AA8EFB /* Products */,
			);
			sourceTree = "<group>";
		};
		EE38E0F82FDDF70A00AA8EFB /* Products */ = {
			isa = PBXGroup;
			children = (
				EE38E0F72FDDF70A00AA8EFB /* CircuitMap.app */,
				8F4EF7CC2FEA9DC800703C4A /* CircuitMapService.appex */,
			);
			name = Products;
			sourceTree = "<group>";
		};
/* End PBXGroup section */

/* Begin PBXNativeTarget section */
		8F4EF7CB2FEA9DC800703C4A /* CircuitMapService */ = {
			isa = PBXNativeTarget;
			buildConfigurationList = 8F4EF7D42FEA9DC800703C4A /* Build configuration list for PBXNativeTarget "CircuitMapService" */;
			buildPhases = (
				8F4EF7C82FEA9DC800703C4A /* Sources */,
				8F4EF7C92FEA9DC800703C4A /* Frameworks */,
				8F4EF7CA2FEA9DC800703C4A /* Resources */,
			);
			buildRules = (
			);
			dependencies = (
			);
			fileSystemSynchronizedGroups = (
				8F4EF7CD2FEA9DC800703C4A /* CircuitMapService */,
			);
			name = CircuitMapService;
			packageProductDependencies = (
				8F4EF7DA2FEA9DDC00703C4A /* FirebaseMessaging */,
			);
			productName = CircuitMapService;
			productReference = 8F4EF7CC2FEA9DC800703C4A /* CircuitMapService.appex */;
			productType = "com.apple.product-type.app-extension";
		};
		EE38E0F62FDDF70A00AA8EFB /* CircuitMap */ = {
			isa = PBXNativeTarget;
			buildConfigurationList = EE38E1052FDDF70C00AA8EFB /* Build configuration list for PBXNativeTarget "CircuitMap" */;
			buildPhases = (
				EE38E0F32FDDF70A00AA8EFB /* Sources */,
				EE38E0F42FDDF70A00AA8EFB /* Frameworks */,
				EE38E0F52FDDF70A00AA8EFB /* Resources */,
				8F4EF7D82FEA9DC800703C4A /* Embed Foundation Extensions */,
			);
			buildRules = (
			);
			dependencies = (
				8F4EF7D22FEA9DC800703C4A /* PBXTargetDependency */,
			);
			fileSystemSynchronizedGroups = (
				EE38E0F92FDDF70A00AA8EFB /* CircuitMap */,
			);
			name = CircuitMap;
			packageProductDependencies = (
				8F4EF7A52FEA900C00703C4A /* FirebaseCore */,
				8F4EF7A72FEA900C00703C4A /* FirebaseMessaging */,
				8F4EF7AA2FEA901E00703C4A /* AppsFlyerLib */,
			);
			productName = CircuitMap;
			productReference = EE38E0F72FDDF70A00AA8EFB /* CircuitMap.app */;
			productType = "com.apple.product-type.application";
		};
/* End PBXNativeTarget section */

/* Begin PBXProject section */
		EE38E0EF2FDDF70A00AA8EFB /* Project object */ = {
			isa = PBXProject;
			attributes = {
				BuildIndependentTargetsInParallel = 1;
				LastSwiftUpdateCheck = 1640;
				LastUpgradeCheck = 1610;
				TargetAttributes = {
					8F4EF7CB2FEA9DC800703C4A = {
						CreatedOnToolsVersion = 16.4;
					};
					EE38E0F62FDDF70A00AA8EFB = {
						CreatedOnToolsVersion = 16.1;
					};
				};
			};
			buildConfigurationList = EE38E0F22FDDF70A00AA8EFB /* Build configuration list for PBXProject "CircuitMap" */;
			developmentRegion = en;
			hasScannedForEncodings = 0;
			knownRegions = (
				en,
				Base,
			);
			mainGroup = EE38E0EE2FDDF70A00AA8EFB;
			minimizedProjectReferenceProxies = 1;
			packageReferences = (
				8F4EF7A42FEA900C00703C4A /* XCRemoteSwiftPackageReference "firebase-ios-sdk" */,
				8F4EF7A92FEA901E00703C4A /* XCRemoteSwiftPackageReference "AppsFlyerFramework" */,
			);
			preferredProjectObjectVersion = 77;
			productRefGroup = EE38E0F82FDDF70A00AA8EFB /* Products */;
			projectDirPath = "";
			projectRoot = "";
			targets = (
				EE38E0F62FDDF70A00AA8EFB /* CircuitMap */,
				8F4EF7CB2FEA9DC800703C4A /* CircuitMapService */,
			);
		};
/* End PBXProject section */

/* Begin PBXResourcesBuildPhase section */
		8F4EF7CA2FEA9DC800703C4A /* Resources */ = {
			isa = PBXResourcesBuildPhase;
			buildActionMask = 2147483647;
			files = (
			);
			runOnlyForDeploymentPostprocessing = 0;
		};
		EE38E0F52FDDF70A00AA8EFB /* Resources */ = {
			isa = PBXResourcesBuildPhase;
			buildActionMask = 2147483647;
			files = (
			);
			runOnlyForDeploymentPostprocessing = 0;
		};
/* End PBXResourcesBuildPhase section */

/* Begin PBXSourcesBuildPhase section */
		8F4EF7C82FEA9DC800703C4A /* Sources */ = {
			isa = PBXSourcesBuildPhase;
			buildActionMask = 2147483647;
			files = (
			);
			runOnlyForDeploymentPostprocessing = 0;
		};
		EE38E0F32FDDF70A00AA8EFB /* Sources */ = {
			isa = PBXSourcesBuildPhase;
			buildActionMask = 2147483647;
			files = (
			);
			runOnlyForDeploymentPostprocessing = 0;
		};
/* End PBXSourcesBuildPhase section */

/* Begin PBXTargetDependency section */
		8F4EF7D22FEA9DC800703C4A /* PBXTargetDependency */ = {
			isa = PBXTargetDependency;
			target = 8F4EF7CB2FEA9DC800703C4A /* CircuitMapService */;
			targetProxy = 8F4EF7D12FEA9DC800703C4A /* PBXContainerItemProxy */;
		};
/* End PBXTargetDependency section */

/* Begin XCBuildConfiguration section */
		8F4EF7D52FEA9DC800703C4A /* Debug */ = {
			isa = XCBuildConfiguration;
			buildSettings = {
				CODE_SIGN_STYLE = Automatic;
				CURRENT_PROJECT_VERSION = 1;
				GENERATE_INFOPLIST_FILE = YES;
				INFOPLIST_FILE = CircuitMapService/Info.plist;
				INFOPLIST_KEY_CFBundleDisplayName = CircuitMapService;
				INFOPLIST_KEY_NSHumanReadableCopyright = "";
				IPHONEOS_DEPLOYMENT_TARGET = 15.0;
				LD_RUNPATH_SEARCH_PATHS = (
					"$(inherited)",
					"@executable_path/Frameworks",
					"@executable_path/../../Frameworks",
				);
				MARKETING_VERSION = 1.0;
				PRODUCT_BUNDLE_IDENTIFIER = com.mapestCircuit.CircuitMap.CircuitMapService;
				PRODUCT_NAME = "$(TARGET_NAME)";
				SKIP_INSTALL = YES;
				SUPPORTED_PLATFORMS = "iphoneos iphonesimulator";
				SUPPORTS_MACCATALYST = NO;
				SUPPORTS_MAC_DESIGNED_FOR_IPHONE_IPAD = NO;
				SUPPORTS_XR_DESIGNED_FOR_IPHONE_IPAD = NO;
				SWIFT_EMIT_LOC_STRINGS = YES;
				SWIFT_VERSION = 5.0;
				TARGETED_DEVICE_FAMILY = "1,2";
			};
			name = Debug;
		};
		8F4EF7D62FEA9DC800703C4A /* Release */ = {
			isa = XCBuildConfiguration;
			buildSettings = {
				CODE_SIGN_STYLE = Automatic;
				CURRENT_PROJECT_VERSION = 1;
				GENERATE_INFOPLIST_FILE = YES;
				INFOPLIST_FILE = CircuitMapService/Info.plist;
				INFOPLIST_KEY_CFBundleDisplayName = CircuitMapService;
				INFOPLIST_KEY_NSHumanReadableCopyright = "";
				IPHONEOS_DEPLOYMENT_TARGET = 15.0;
				LD_RUNPATH_SEARCH_PATHS = (
					"$(inherited)",
					"@executable_path/Frameworks",
					"@executable_path/../../Frameworks",
				);
				MARKETING_VERSION = 1.0;
				PRODUCT_BUNDLE_IDENTIFIER = com.mapestCircuit.CircuitMap.CircuitMapService;
				PRODUCT_NAME = "$(TARGET_NAME)";
				SKIP_INSTALL = YES;
				SUPPORTED_PLATFORMS = "iphoneos iphonesimulator";
				SUPPORTS_MACCATALYST = NO;
				SUPPORTS_MAC_DESIGNED_FOR_IPHONE_IPAD = NO;
				SUPPORTS_XR_DESIGNED_FOR_IPHONE_IPAD = NO;
				SWIFT_EMIT_LOC_STRINGS = YES;
				SWIFT_VERSION = 5.0;
				TARGETED_DEVICE_FAMILY = "1,2";
			};
			name = Release;
		};
		EE38E1032FDDF70C00AA8EFB /* Debug */ = {
			isa = XCBuildConfiguration;
			buildSettings = {
				ALWAYS_SEARCH_USER_PATHS = NO;
				ASSETCATALOG_COMPILER_GENERATE_SWIFT_ASSET_SYMBOL_EXTENSIONS = YES;
				CLANG_ANALYZER_NONNULL = YES;
				CLANG_ANALYZER_NUMBER_OBJECT_CONVERSION = YES_AGGRESSIVE;
				CLANG_CXX_LANGUAGE_STANDARD = "gnu++20";
				CLANG_ENABLE_MODULES = YES;
				CLANG_ENABLE_OBJC_ARC = YES;
				CLANG_ENABLE_OBJC_WEAK = YES;
				CLANG_WARN_BLOCK_CAPTURE_AUTORELEASING = YES;
				CLANG_WARN_BOOL_CONVERSION = YES;
				CLANG_WARN_COMMA = YES;
				CLANG_WARN_CONSTANT_CONVERSION = YES;
				CLANG_WARN_DEPRECATED_OBJC_IMPLEMENTATIONS = YES;
				CLANG_WARN_DIRECT_OBJC_ISA_USAGE = YES_ERROR;
				CLANG_WARN_DOCUMENTATION_COMMENTS = YES;
				CLANG_WARN_EMPTY_BODY = YES;
				CLANG_WARN_ENUM_CONVERSION = YES;
				CLANG_WARN_INFINITE_RECURSION = YES;
				CLANG_WARN_INT_CONVERSION = YES;
				CLANG_WARN_NON_LITERAL_NULL_CONVERSION = YES;
				CLANG_WARN_OBJC_IMPLICIT_RETAIN_SELF = YES;
				CLANG_WARN_OBJC_LITERAL_CONVERSION = YES;
				CLANG_WARN_OBJC_ROOT_CLASS = YES_ERROR;
				CLANG_WARN_QUOTED_INCLUDE_IN_FRAMEWORK_HEADER = YES;
				CLANG_WARN_RANGE_LOOP_ANALYSIS = YES;
				CLANG_WARN_STRICT_PROTOTYPES = YES;
				CLANG_WARN_SUSPICIOUS_MOVE = YES;
				CLANG_WARN_UNGUARDED_AVAILABILITY = YES_AGGRESSIVE;
				CLANG_WARN_UNREACHABLE_CODE = YES;
				CLANG_WARN__DUPLICATE_METHOD_MATCH = YES;
				COPY_PHASE_STRIP = NO;
				DEBUG_INFORMATION_FORMAT = dwarf;
				ENABLE_STRICT_OBJC_MSGSEND = YES;
				ENABLE_TESTABILITY = YES;
				ENABLE_USER_SCRIPT_SANDBOXING = YES;
				GCC_C_LANGUAGE_STANDARD = gnu17;
				GCC_DYNAMIC_NO_PIC = NO;
				GCC_NO_COMMON_BLOCKS = YES;
				GCC_OPTIMIZATION_LEVEL = 0;
				GCC_PREPROCESSOR_DEFINITIONS = (
					"DEBUG=1",
					"$(inherited)",
				);
				GCC_WARN_64_TO_32_BIT_CONVERSION = YES;
				GCC_WARN_ABOUT_RETURN_TYPE = YES_ERROR;
				GCC_WARN_UNDECLARED_SELECTOR = YES;
				GCC_WARN_UNINITIALIZED_AUTOS = YES_AGGRESSIVE;
				GCC_WARN_UNUSED_FUNCTION = YES;
				GCC_WARN_UNUSED_VARIABLE = YES;
				IPHONEOS_DEPLOYMENT_TARGET = 18.1;
				LOCALIZATION_PREFERS_STRING_CATALOGS = YES;
				MTL_ENABLE_DEBUG_INFO = INCLUDE_SOURCE;
				MTL_FAST_MATH = YES;
				ONLY_ACTIVE_ARCH = YES;
				SDKROOT = iphoneos;
				SWIFT_ACTIVE_COMPILATION_CONDITIONS = "DEBUG $(inherited)";
				SWIFT_OPTIMIZATION_LEVEL = "-Onone";
			};
			name = Debug;
		};
		EE38E1042FDDF70C00AA8EFB /* Release */ = {
			isa = XCBuildConfiguration;
			buildSettings = {
				ALWAYS_SEARCH_USER_PATHS = NO;
				ASSETCATALOG_COMPILER_GENERATE_SWIFT_ASSET_SYMBOL_EXTENSIONS = YES;
				CLANG_ANALYZER_NONNULL = YES;
				CLANG_ANALYZER_NUMBER_OBJECT_CONVERSION = YES_AGGRESSIVE;
				CLANG_CXX_LANGUAGE_STANDARD = "gnu++20";
				CLANG_ENABLE_MODULES = YES;
				CLANG_ENABLE_OBJC_ARC = YES;
				CLANG_ENABLE_OBJC_WEAK = YES;
				CLANG_WARN_BLOCK_CAPTURE_AUTORELEASING = YES;
				CLANG_WARN_BOOL_CONVERSION = YES;
				CLANG_WARN_COMMA = YES;
				CLANG_WARN_CONSTANT_CONVERSION = YES;
				CLANG_WARN_DEPRECATED_OBJC_IMPLEMENTATIONS = YES;
				CLANG_WARN_DIRECT_OBJC_ISA_USAGE = YES_ERROR;
				CLANG_WARN_DOCUMENTATION_COMMENTS = YES;
				CLANG_WARN_EMPTY_BODY = YES;
				CLANG_WARN_ENUM_CONVERSION = YES;
				CLANG_WARN_INFINITE_RECURSION = YES;
				CLANG_WARN_INT_CONVERSION = YES;
				CLANG_WARN_NON_LITERAL_NULL_CONVERSION = YES;
				CLANG_WARN_OBJC_IMPLICIT_RETAIN_SELF = YES;
				CLANG_WARN_OBJC_LITERAL_CONVERSION = YES;
				CLANG_WARN_OBJC_ROOT_CLASS = YES_ERROR;
				CLANG_WARN_QUOTED_INCLUDE_IN_FRAMEWORK_HEADER = YES;
				CLANG_WARN_RANGE_LOOP_ANALYSIS = YES;
				CLANG_WARN_STRICT_PROTOTYPES = YES;
				CLANG_WARN_SUSPICIOUS_MOVE = YES;
				CLANG_WARN_UNGUARDED_AVAILABILITY = YES_AGGRESSIVE;
				CLANG_WARN_UNREACHABLE_CODE = YES;
				CLANG_WARN__DUPLICATE_METHOD_MATCH = YES;
				COPY_PHASE_STRIP = NO;
				DEBUG_INFORMATION_FORMAT = "dwarf-with-dsym";
				ENABLE_NS_ASSERTIONS = NO;
				ENABLE_STRICT_OBJC_MSGSEND = YES;
				ENABLE_USER_SCRIPT_SANDBOXING = YES;
				GCC_C_LANGUAGE_STANDARD = gnu17;
				GCC_NO_COMMON_BLOCKS = YES;
				GCC_WARN_64_TO_32_BIT_CONVERSION = YES;
				GCC_WARN_ABOUT_RETURN_TYPE = YES_ERROR;
				GCC_WARN_UNDECLARED_SELECTOR = YES;
				GCC_WARN_UNINITIALIZED_AUTOS = YES_AGGRESSIVE;
				GCC_WARN_UNUSED_FUNCTION = YES;
				GCC_WARN_UNUSED_VARIABLE = YES;
				IPHONEOS_DEPLOYMENT_TARGET = 18.1;
				LOCALIZATION_PREFERS_STRING_CATALOGS = YES;
				MTL_ENABLE_DEBUG_INFO = NO;
				MTL_FAST_MATH = YES;
				SDKROOT = iphoneos;
				SWIFT_COMPILATION_MODE = wholemodule;
				VALIDATE_PRODUCT = YES;
			};
			name = Release;
		};
		EE38E1062FDDF70C00AA8EFB /* Debug */ = {
			isa = XCBuildConfiguration;
			buildSettings = {
				ASSETCATALOG_COMPILER_APPICON_NAME = AppIcon;
				ASSETCATALOG_COMPILER_GLOBAL_ACCENT_COLOR_NAME = AccentColor;
				CODE_SIGN_ENTITLEMENTS = CircuitMap/CircuitMap.entitlements;
				CODE_SIGN_STYLE = Automatic;
				CURRENT_PROJECT_VERSION = 1;
				DEVELOPMENT_ASSET_PATHS = "\"CircuitMap/Preview Content\"";
				ENABLE_PREVIEWS = YES;
				GENERATE_INFOPLIST_FILE = YES;
				INFOPLIST_FILE = CircuitMap/Info.plist;
				INFOPLIST_KEY_CFBundleDisplayName = "Circuit Map";
				INFOPLIST_KEY_NSCameraUsageDescription = "We need your permission to use camera in app";
				INFOPLIST_KEY_NSUserTrackingUsageDescription = "Circuit Map uses tracking data to improve app performance, enhance the user experience, understand how features are used, and support ongoing updates and service optimization. This information also helps maintain app reliability, stability, and security.";
				INFOPLIST_KEY_UIApplicationSceneManifest_Generation = YES;
				INFOPLIST_KEY_UIApplicationSupportsIndirectInputEvents = YES;
				INFOPLIST_KEY_UILaunchScreen_Generation = YES;
				INFOPLIST_KEY_UISupportedInterfaceOrientations_iPad = "UIInterfaceOrientationPortrait UIInterfaceOrientationPortraitUpsideDown UIInterfaceOrientationLandscapeLeft UIInterfaceOrientationLandscapeRight";
				INFOPLIST_KEY_UISupportedInterfaceOrientations_iPhone = "UIInterfaceOrientationPortrait UIInterfaceOrientationLandscapeLeft UIInterfaceOrientationLandscapeRight";
				IPHONEOS_DEPLOYMENT_TARGET = 15.0;
				LD_RUNPATH_SEARCH_PATHS = (
					"$(inherited)",
					"@executable_path/Frameworks",
				);
				MARKETING_VERSION = 2.0.2;
				PRODUCT_BUNDLE_IDENTIFIER = com.mapestCircuit.CircuitMap;
				PRODUCT_NAME = "$(TARGET_NAME)";
				SUPPORTED_PLATFORMS = "iphoneos iphonesimulator";
				SUPPORTS_MACCATALYST = NO;
				SUPPORTS_MAC_DESIGNED_FOR_IPHONE_IPAD = NO;
				SUPPORTS_XR_DESIGNED_FOR_IPHONE_IPAD = NO;
				SWIFT_EMIT_LOC_STRINGS = YES;
				SWIFT_VERSION = 5.0;
				TARGETED_DEVICE_FAMILY = "1,2";
			};
			name = Debug;
		};
		EE38E1072FDDF70C00AA8EFB /* Release */ = {
			isa = XCBuildConfiguration;
			buildSettings = {
				ASSETCATALOG_COMPILER_APPICON_NAME = AppIcon;
				ASSETCATALOG_COMPILER_GLOBAL_ACCENT_COLOR_NAME = AccentColor;
				CODE_SIGN_ENTITLEMENTS = CircuitMap/CircuitMap.entitlements;
				CODE_SIGN_STYLE = Automatic;
				CURRENT_PROJECT_VERSION = 1;
				DEVELOPMENT_ASSET_PATHS = "\"CircuitMap/Preview Content\"";
				ENABLE_PREVIEWS = YES;
				GENERATE_INFOPLIST_FILE = YES;
				INFOPLIST_FILE = CircuitMap/Info.plist;
				INFOPLIST_KEY_CFBundleDisplayName = "Circuit Map";
				INFOPLIST_KEY_NSCameraUsageDescription = "We need your permission to use camera in app";
				INFOPLIST_KEY_NSUserTrackingUsageDescription = "Circuit Map uses tracking data to improve app performance, enhance the user experience, understand how features are used, and support ongoing updates and service optimization. This information also helps maintain app reliability, stability, and security.";
				INFOPLIST_KEY_UIApplicationSceneManifest_Generation = YES;
				INFOPLIST_KEY_UIApplicationSupportsIndirectInputEvents = YES;
				INFOPLIST_KEY_UILaunchScreen_Generation = YES;
				INFOPLIST_KEY_UISupportedInterfaceOrientations_iPad = "UIInterfaceOrientationPortrait UIInterfaceOrientationPortraitUpsideDown UIInterfaceOrientationLandscapeLeft UIInterfaceOrientationLandscapeRight";
				INFOPLIST_KEY_UISupportedInterfaceOrientations_iPhone = "UIInterfaceOrientationPortrait UIInterfaceOrientationLandscapeLeft UIInterfaceOrientationLandscapeRight";
				IPHONEOS_DEPLOYMENT_TARGET = 15.0;
				LD_RUNPATH_SEARCH_PATHS = (
					"$(inherited)",
					"@executable_path/Frameworks",
				);
				MARKETING_VERSION = 2.0.2;
				PRODUCT_BUNDLE_IDENTIFIER = com.mapestCircuit.CircuitMap;
				PRODUCT_NAME = "$(TARGET_NAME)";
				SUPPORTED_PLATFORMS = "iphoneos iphonesimulator";
				SUPPORTS_MACCATALYST = NO;
				SUPPORTS_MAC_DESIGNED_FOR_IPHONE_IPAD = NO;
				SUPPORTS_XR_DESIGNED_FOR_IPHONE_IPAD = NO;
				SWIFT_EMIT_LOC_STRINGS = YES;
				SWIFT_VERSION = 5.0;
				TARGETED_DEVICE_FAMILY = "1,2";
			};
			name = Release;
		};
/* End XCBuildConfiguration section */

/* Begin XCConfigurationList section */
		8F4EF7D42FEA9DC800703C4A /* Build configuration list for PBXNativeTarget "CircuitMapService" */ = {
			isa = XCConfigurationList;
			buildConfigurations = (
				8F4EF7D52FEA9DC800703C4A /* Debug */,
				8F4EF7D62FEA9DC800703C4A /* Release */,
			);
			defaultConfigurationIsVisible = 0;
			defaultConfigurationName = Release;
		};
		EE38E0F22FDDF70A00AA8EFB /* Build configuration list for PBXProject "CircuitMap" */ = {
			isa = XCConfigurationList;
			buildConfigurations = (
				EE38E1032FDDF70C00AA8EFB /* Debug */,
				EE38E1042FDDF70C00AA8EFB /* Release */,
			);
			defaultConfigurationIsVisible = 0;
			defaultConfigurationName = Release;
		};
		EE38E1052FDDF70C00AA8EFB /* Build configuration list for PBXNativeTarget "CircuitMap" */ = {
			isa = XCConfigurationList;
			buildConfigurations = (
				EE38E1062FDDF70C00AA8EFB /* Debug */,
				EE38E1072FDDF70C00AA8EFB /* Release */,
			);
			defaultConfigurationIsVisible = 0;
			defaultConfigurationName = Release;
		};
/* End XCConfigurationList section */

/* Begin XCRemoteSwiftPackageReference section */
		8F4EF7A42FEA900C00703C4A /* XCRemoteSwiftPackageReference "firebase-ios-sdk" */ = {
			isa = XCRemoteSwiftPackageReference;
			repositoryURL = "https://github.com/firebase/firebase-ios-sdk";
			requirement = {
				kind = upToNextMajorVersion;
				minimumVersion = 12.15.0;
			};
		};
		8F4EF7A92FEA901E00703C4A /* XCRemoteSwiftPackageReference "AppsFlyerFramework" */ = {
			isa = XCRemoteSwiftPackageReference;
			repositoryURL = "https://github.com/AppsFlyerSDK/AppsFlyerFramework";
			requirement = {
				kind = upToNextMajorVersion;
				minimumVersion = 6.18.0;
			};
		};
/* End XCRemoteSwiftPackageReference section */

/* Begin XCSwiftPackageProductDependency section */
		8F4EF7A52FEA900C00703C4A /* FirebaseCore */ = {
			isa = XCSwiftPackageProductDependency;
			package = 8F4EF7A42FEA900C00703C4A /* XCRemoteSwiftPackageReference "firebase-ios-sdk" */;
			productName = FirebaseCore;
		};
		8F4EF7A72FEA900C00703C4A /* FirebaseMessaging */ = {
			isa = XCSwiftPackageProductDependency;
			package = 8F4EF7A42FEA900C00703C4A /* XCRemoteSwiftPackageReference "firebase-ios-sdk" */;
			productName = FirebaseMessaging;
		};
		8F4EF7AA2FEA901E00703C4A /* AppsFlyerLib */ = {
			isa = XCSwiftPackageProductDependency;
			package = 8F4EF7A92FEA901E00703C4A /* XCRemoteSwiftPackageReference "AppsFlyerFramework" */;
			productName = AppsFlyerLib;
		};
		8F4EF7DA2FEA9DDC00703C4A /* FirebaseMessaging */ = {
			isa = XCSwiftPackageProductDependency;
			package = 8F4EF7A42FEA900C00703C4A /* XCRemoteSwiftPackageReference "firebase-ios-sdk" */;
			productName = FirebaseMessaging;
		};
/* End XCSwiftPackageProductDependency section */
	};
	rootObject = EE38E0EF2FDDF70A00AA8EFB /* Project object */;
}
